{
  "name": "demo",
  "version": "1.0.0",
  "lockfileVersion": 2,
  "requires": true,
  "packages": {
    "": {
      "name": "demo",
      "version": "1.0.0",
      "license": "ISC",
      "dependencies": {
        "markdown-it-citations": "^1.1.0",
        "markdown-it-katex": "^2.0.3"
      }
    },
    "node_modules/markdown-it-citations": {
      "version": "1.1.0",
      "resolved": "https://registry.npmjs.org/markdown-it-citations/-/markdown-it-citations-1.1.0.tgz",
      "integrity": "sha512-y5dqzD6XTWK1nUAcpuuza1O8Mf0muG8hp76hvRTplwCWvoHTzB9FEvEQxA/mlpMlbCzcAMl2BXXzUea8medSvw=="
    },
    "node_modules/markdown-it-katex": {
      "version": "2.0.3",
      "resolved": "https://registry.npmjs.org/markdown-it-katex/-/markdown-it-katex-2.0.3.tgz",
      "integrity": "sha512-nUkkMtRWeg7OpdflamflE/Ho/pWl64Lk9wNBKOmaj33XkQdumhXAIYhI0WO03GeiycPCsxbmX536V5NEXpC3Ng==",
      "dependencies": {
        "katex": "^0.6.0"
      }
    },
    "node_modules/markdown-it-katex/node_modules/katex": {
      "version": "0.6.0",
      "resolved": "https://registry.npmjs.org/katex/-/katex-0.6.0.tgz",
      "integrity": "sha512-rS4mY3SvHYg5LtQV6RBcK0if7ur6plyEukAOV+jGGPqFImuzu8fHL6M752iBmRGoUyF0bhZbAPoezehn7xYksA==",
      "dependencies": {
        "match-at": "^0.1.0"
      },
      "bin": {
        "katex": "cli.js"
      }
    },
    "node_modules/match-at": {
      "version": "0.1.1",
      "resolved": "https://registry.npmjs.org/match-at/-/match-at-0.1.1.tgz",
      "integrity": "sha512-h4Yd392z9mST+dzc+yjuybOGFNOZjmXIPKWjxBd1Bb23r4SmDOsk2NYCU2BMUBGbSpZqwVsZYNq26QS3xfaT3Q=="
    }
  },
  "dependencies": {
    "markdown-it-citations": {
      "version": "1.1.0",
      "resolved": "https://registry.npmjs.org/markdown-it-citations/-/markdown-it-citations-1.1.0.tgz",
      "integrity": "sha512-y5dqzD6XTWK1nUAcpuuza1O8Mf0muG8hp76hvRTplwCWvoHTzB9FEvEQxA/mlpMlbCzcAMl2BXXzUea8medSvw=="
    },
    "markdown-it-katex": {
      "version": "2.0.3",
      "resolved": "https://registry.npmjs.org/markdown-it-katex/-/markdown-it-katex-2.0.3.tgz",
      "integrity": "sha512-nUkkMtRWeg7OpdflamflE/Ho/pWl64Lk9wNBKOmaj33XkQdumhXAIYhI0WO03GeiycPCsxbmX536V5NEXpC3Ng==",
      "requires": {
        "katex": "^0.6.0"
      },
      "dependencies": {
        "katex": {
          "version": "0.6.0",
          "resolved": "https://registry.npmjs.org/katex/-/katex-0.6.0.tgz",
          "integrity": "sha512-rS4mY3SvHYg5LtQV6RBcK0if7ur6plyEukAOV+jGGPqFImuzu8fHL6M752iBmRGoUyF0bhZbAPoezehn7xYksA==",
          "requires": {
            "match-at": "^0.1.0"
          }
        }
      }
    },
    "match-at": {
      "version": "0.1.1",
      "resolved": "https://registry.npmjs.org/match-at/-/match-at-0.1.1.tgz",
      "integrity": "sha512-h4Yd392z9mST+dzc+yjuybOGFNOZjmXIPKWjxBd1Bb23r4SmDOsk2NYCU2BMUBGbSpZqwVsZYNq26QS3xfaT3Q=="
    }
  }
}
